
Microsoft Visual Studio Solution File, Format Version 12.00
# Visual Studio 15
VisualStudioVersion = 15.0.27703.2047
MinimumVisualStudioVersion = 10.0.40219.1
Project("{2150E333-8FDC-42A3-9474-1A3956D46DE8}") = "0-Presentation", "0-Presentation", "{C0F14E92-8820-4392-AEB3-517DB578E48D}"
EndProject
Project("{FAE04EC0-301F-11D3-BF4B-00C04F79EFBC}") = "MSP_Demo.Api", "MSP_Demo.Api\MSP_Demo.Api.csproj", "{B437536B-EF4C-4F55-9B87-771B898D864B}"
EndProject
Project("{E53339B2-1760-4266-BCC7-CA923CBCF16C}") = "docker-compose", "docker-compose.dcproj", "{F9CEE435-B883-4525-8E0A-596946138683}"
EndProject
Project("{2150E333-8FDC-42A3-9474-1A3956D46DE8}") = "1-Application", "1-Application", "{C24F5FBC-8F6E-406D-A068-584DD2883A72}"
EndProject
Project("{2150E333-8FDC-42A3-9474-1A3956D46DE8}") = "2-Domain", "2-Domain", "{9FC3EF15-D266-4CEE-9EE2-67371A58536F}"
EndProject
Project("{2150E333-8FDC-42A3-9474-1A3956D46DE8}") = "3-Infra", "3-Infra", "{A645DDEA-41BA-461F-85F4-0CA16B2518F1}"
EndProject
Project("{FAE04EC0-301F-11D3-BF4B-00C04F79EFBC}") = "MSP_Demo.Application", "MSP_Demo.Application\MSP_Demo.Application.csproj", "{2840F3F1-17DC-4BE6-B2BB-CD3ECEF7DA8E}"
EndProject
Project("{FAE04EC0-301F-11D3-BF4B-00C04F79EFBC}") = "MSP_Demo.Domain", "MSP_Demo.Domain\MSP_Demo.Domain.csproj", "{5EE1E15F-B9EA-4073-BE56-C15FB399B16E}"
EndProject
Project("{2150E333-8FDC-42A3-9474-1A3956D46DE8}") = "3.1-Repository", "3.1-Repository", "{B01B91A0-A116-47B5-B25F-E8963345E30F}"
EndProject
Project("{FAE04EC0-301F-11D3-BF4B-00C04F79EFBC}") = "MSP_Demo.Repository", "MSP_Demo.Repository\MSP_Demo.Repository.csproj", "{CB6B8868-46FF-4A53-9C2C-F2C8FF090D3A}"
EndProject
Project("{2150E333-8FDC-42A3-9474-1A3956D46DE8}") = "3.2-IoC", "3.2-IoC", "{C917EB70-1343-4AB5-AB8F-9E3DE1015E41}"
EndProject
Project("{FAE04EC0-301F-11D3-BF4B-00C04F79EFBC}") = "MSP_Demo.IoC", "MSP_Demo.IoC\MSP_Demo.IoC.csproj", "{491C947B-0B65-4D17-962B-0DC70C4A1EB2}"
EndProject
Global
	GlobalSection(SolutionConfigurationPlatforms) = preSolution
		Debug|Any CPU = Debug|Any CPU
		Release|Any CPU = Release|Any CPU
	EndGlobalSection
	GlobalSection(ProjectConfigurationPlatforms) = postSolution
		{B437536B-EF4C-4F55-9B87-771B898D864B}.Debug|Any CPU.ActiveCfg = Debug|Any CPU
		{B437536B-EF4C-4F55-9B87-771B898D864B}.Debug|Any CPU.Build.0 = Debug|Any CPU
		{B437536B-EF4C-4F55-9B87-771B898D864B}.Release|Any CPU.ActiveCfg = Release|Any CPU
		{B437536B-EF4C-4F55-9B87-771B898D864B}.Release|Any CPU.Build.0 = Release|Any CPU
		{F9CEE435-B883-4525-8E0A-596946138683}.Debug|Any CPU.ActiveCfg = Debug|Any CPU
		{F9CEE435-B883-4525-8E0A-596946138683}.Debug|Any CPU.Build.0 = Debug|Any CPU
		{F9CEE435-B883-4525-8E0A-596946138683}.Release|Any CPU.ActiveCfg = Release|Any CPU
		{F9CEE435-B883-4525-8E0A-596946138683}.Release|Any CPU.Build.0 = Release|Any CPU
		{2840F3F1-17DC-4BE6-B2BB-CD3ECEF7DA8E}.Debug|Any CPU.ActiveCfg = Debug|Any CPU
		{2840F3F1-17DC-4BE6-B2BB-CD3ECEF7DA8E}.Debug|Any CPU.Build.0 = Debug|Any CPU
		{2840F3F1-17DC-4BE6-B2BB-CD3ECEF7DA8E}.Release|Any CPU.ActiveCfg = Release|Any CPU
		{2840F3F1-17DC-4BE6-B2BB-CD3ECEF7DA8E}.Release|Any CPU.Build.0 = Release|Any CPU
		{5EE1E15F-B9EA-4073-BE56-C15FB399B16E}.Debug|Any CPU.ActiveCfg = Debug|Any CPU
		{5EE1E15F-B9EA-4073-BE56-C15FB399B16E}.Debug|Any CPU.Build.0 = Debug|Any CPU
		{5EE1E15F-B9EA-4073-BE56-C15FB399B16E}.Release|Any CPU.ActiveCfg = Release|Any CPU
		{5EE1E15F-B9EA-4073-BE56-C15FB399B16E}.Release|Any CPU.Build.0 = Release|Any CPU
		{CB6B8868-46FF-4A53-9C2C-F2C8FF090D3A}.Debug|Any CPU.ActiveCfg = Debug|Any CPU
		{CB6B8868-46FF-4A53-9C2C-F2C8FF090D3A}.Debug|Any CPU.Build.0 = Debug|Any CPU
		{CB6B8868-46FF-4A53-9C2C-F2C8FF090D3A}.Release|Any CPU.ActiveCfg = Release|Any CPU
		{CB6B8868-46FF-4A53-9C2C-F2C8FF090D3A}.Release|Any CPU.Build.0 = Release|Any CPU
		{491C947B-0B65-4D17-962B-0DC70C4A1EB2}.Debug|Any CPU.ActiveCfg = Debug|Any CPU
		{491C947B-0B65-4D17-962B-0DC70C4A1EB2}.Debug|Any CPU.Build.0 = Debug|Any CPU
		{491C947B-0B65-4D17-962B-0DC70C4A1EB2}.Release|Any CPU.ActiveCfg = Release|Any CPU
		{491C947B-0B65-4D17-962B-0DC70C4A1EB2}.Release|Any CPU.Build.0 = Release|Any CPU
	EndGlobalSection
	GlobalSection(SolutionProperties) = preSolution
		HideSolutionNode = FALSE
	EndGlobalSection
	GlobalSection(NestedProjects) = preSolution
		{B437536B-EF4C-4F55-9B87-771B898D864B} = {C0F14E92-8820-4392-AEB3-517DB578E48D}
		{2840F3F1-17DC-4BE6-B2BB-CD3ECEF7DA8E} = {C24F5FBC-8F6E-406D-A068-584DD2883A72}
		{5EE1E15F-B9EA-4073-BE56-C15FB399B16E} = {9FC3EF15-D266-4CEE-9EE2-67371A58536F}
		{B01B91A0-A116-47B5-B25F-E8963345E30F} = {A645DDEA-41BA-461F-85F4-0CA16B2518F1}
		{CB6B8868-46FF-4A53-9C2C-F2C8FF090D3A} = {B01B91A0-A116-47B5-B25F-E8963345E30F}
		{C917EB70-1343-4AB5-AB8F-9E3DE1015E41} = {A645DDEA-41BA-461F-85F4-0CA16B2518F1}
		{491C947B-0B65-4D17-962B-0DC70C4A1EB2} = {C917EB70-1343-4AB5-AB8F-9E3DE1015E41}
	EndGlobalSection
	GlobalSection(ExtensibilityGlobals) = postSolution
		SolutionGuid = {81853184-7F20-4748-A6EA-70B1E44D96CD}
	EndGlobalSection
EndGlobal
